// !$*UTF8*$!
{
	archiveVersion = 1;
	classes = {
	};
	objectVersion = 46;
	objects = {

/* Begin PBXBuildFile section */
		A94EC63E19CA474C00A55DB5 /* Foundation.framework in Frameworks */ = {isa = PBXBuildFile; fileRef = A94EC63D19CA474C00A55DB5 /* Foundation.framework */; };
		A94EC64019CA474C00A55DB5 /* CoreGraphics.framework in Frameworks */ = {isa = PBXBuildFile; fileRef = A94EC63F19CA474C00A55DB5 /* CoreGraphics.framework */; };
		A94EC64219CA474C00A55DB5 /* UIKit.framework in Frameworks */ = {isa = PBXBuildFile; fileRef = A94EC64119CA474C00A55DB5 /* UIKit.framework */; };
		A94EC64819CA474C00A55DB5 /* InfoPlist.strings in Resources */ = {isa = PBXBuildFile; fileRef = A94EC64619CA474C00A55DB5 /* InfoPlist.strings */; };
		A94EC64A19CA474C00A55DB5 /* main.m in Sources */ = {isa = PBXBuildFile; fileRef = A94EC64919CA474C00A55DB5 /* main.m */; };
		A94EC64E19CA474C00A55DB5 /* AppDelegate.m in Sources */ = {isa = PBXBuildFile; fileRef = A94EC64D19CA474C00A55DB5 /* AppDelegate.m */; };
		A94EC65019CA474C00A55DB5 /* Images.xcassets in Resources */ = {isa = PBXBuildFile; fileRef = A94EC64F19CA474C00A55DB5 /* Images.xcassets */; };
		A94EC65719CA474D00A55DB5 /* XCTest.framework in Frameworks */ = {isa = PBXBuildFile; fileRef = A94EC65619CA474D00A55DB5 /* XCTest.framework */; };
		A94EC65819CA474D00A55DB5 /* Foundation.framework in Frameworks */ = {isa = PBXBuildFile; fileRef = A94EC63D19CA474C00A55DB5 /* Foundation.framework */; };
		A94EC65919CA474D00A55DB5 /* UIKit.framework in Frameworks */ = {isa = PBXBuildFile; fileRef = A94EC64119CA474C00A55DB5 /* UIKit.framework */; };
		A94EC66119CA474D00A55DB5 /* InfoPlist.strings in Resources */ = {isa = PBXBuildFile; fileRef = A94EC65F19CA474D00A55DB5 /* InfoPlist.strings */; };
		A94EC66319CA474D00A55DB5 /* cordovaTests.m in Sources */ = {isa = PBXBuildFile; fileRef = A94EC66219CA474D00A55DB5 /* cordovaTests.m */; };
/* End PBXBuildFile section */

/* Begin PBXContainerItemProxy section */
		A94EC65A19CA474D00A55DB5 /* PBXContainerItemProxy */ = {
			isa = PBXContainerItemProxy;
			containerPortal = A94EC63219CA474C00A55DB5 /* Project object */;
			proxyType = 1;
			remoteGlobalIDString = A94EC63919CA474C00A55DB5;
			remoteInfo = cordova;
		};
/* End PBXContainerItemProxy section */

/* Begin PBXFileReference section */
		A94EC63A19CA474C00A55DB5 /* cordova.app */ = {isa = PBXFileReference; explicitFileType = wrapper.application; includeInIndex = 0; path = cordova.app; sourceTree = BUILT_PRODUCTS_DIR; };
		A94EC63D19CA474C00A55DB5 /* Foundation.framework */ = {isa = PBXFileReference; lastKnownFileType = wrapper.framework; name = Foundation.framework; path = System/Library/Frameworks/Foundation.framework; sourceTree = SDKROOT; };
		A94EC63F19CA474C00A55DB5 /* CoreGraphics.framework */ = {isa = PBXFileReference; lastKnownFileType = wrapper.framework; name = CoreGraphics.framework; path = System/Library/Frameworks/CoreGraphics.framework; sourceTree = SDKROOT; };
		A94EC64119CA474C00A55DB5 /* UIKit.framework */ = {isa = PBXFileReference; lastKnownFileType = wrapper.framework; name = UIKit.framework; path = System/Library/Frameworks/UIKit.framework; sourceTree = SDKROOT; };
		A94EC64519CA474C00A55DB5 /* cordova-Info.plist */ = {isa = PBXFileReference; lastKnownFileType = text.plist.xml; path = "cordova-Info.plist"; sourceTree = "<group>"; };
		A94EC64719CA474C00A55DB5 /* en */ = {isa = PBXFileReference; lastKnownFileType = text.plist.strings; name = en; path = en.lproj/InfoPlist.strings; sourceTree = "<group>"; };
		A94EC64919CA474C00A55DB5 /* main.m */ = {isa = PBXFileReference; lastKnownFileType = sourcecode.c.objc; path = main.m; sourceTree = "<group>"; };
		A94EC64B19CA474C00A55DB5 /* cordova-Prefix.pch */ = {isa = PBXFileReference; lastKnownFileType = sourcecode.c.h; path = "cordova-Prefix.pch"; sourceTree = "<group>"; };
		A94EC64C19CA474C00A55DB5 /* AppDelegate.h */ = {isa = PBXFileReference; lastKnownFileType = sourcecode.c.h; path = AppDelegate.h; sourceTree = "<group>"; };
		A94EC64D19CA474C00A55DB5 /* AppDelegate.m */ = {isa = PBXFileReference; lastKnownFileType = sourcecode.c.objc; path = AppDelegate.m; sourceTree = "<group>"; };
		A94EC64F19CA474C00A55DB5 /* Images.xcassets */ = {isa = PBXFileReference; lastKnownFileType = folder.assetcatalog; path = Images.xcassets; sourceTree = "<group>"; };
		A94EC65519CA474D00A55DB5 /* cordovaTests.xctest */ = {isa = PBXFileReference; explicitFileType = wrapper.cfbundle; includeInIndex = 0; path = cordovaTests.xctest; sourceTree = BUILT_PRODUCTS_DIR; };
		A94EC65619CA474D00A55DB5 /* XCTest.framework */ = {isa = PBXFileReference; lastKnownFileType = wrapper.framework; name = XCTest.framework; path = Library/Frameworks/XCTest.framework; sourceTree = DEVELOPER_DIR; };
		A94EC65E19CA474D00A55DB5 /* cordovaTests-Info.plist */ = {isa = PBXFileReference; lastKnownFileType = text.plist.xml; path = "cordovaTests-Info.plist"; sourceTree = "<group>"; };
		A94EC66019CA474D00A55DB5 /* en */ = {isa = PBXFileReference; lastKnownFileType = text.plist.strings; name = en; path = en.lproj/InfoPlist.strings; sourceTree = "<group>"; };
		A94EC66219CA474D00A55DB5 /* cordovaTests.m */ = {isa = PBXFileReference; lastKnownFileType = sourcecode.c.objc; path = cordovaTests.m; sourceTree = "<group>"; };
/* End PBXFileReference section */

/* Begin PBXFrameworksBuildPhase section */
		A94EC63719CA474C00A55DB5 /* Frameworks */ = {
			isa = PBXFrameworksBuildPhase;
			buildActionMask = 2147483647;
			files = (
				A94EC64019CA474C00A55DB5 /* CoreGraphics.framework in Frameworks */,
				A94EC64219CA474C00A55DB5 /* UIKit.framework in Frameworks */,
				A94EC63E19CA474C00A55DB5 /* Foundation.framework in Frameworks */,
			);
			runOnlyForDeploymentPostprocessing = 0;
		};
		A94EC65219CA474D00A55DB5 /* Frameworks */ = {
			isa = PBXFrameworksBuildPhase;
			buildActionMask = 2147483647;
			files = (
				A94EC65719CA474D00A55DB5 /* XCTest.framework in Frameworks */,
				A94EC65919CA474D00A55DB5 /* UIKit.framework in Frameworks */,
				A94EC65819CA474D00A55DB5 /* Foundation.framework in Frameworks */,
			);
			runOnlyForDeploymentPostprocessing = 0;
		};
/* End PBXFrameworksBuildPhase section */

/* Begin PBXGroup section */
		A94EC63119CA474C00A55DB5 = {
			isa = PBXGroup;
			children = (
				A94EC64319CA474C00A55DB5 /* cordova */,
				A94EC65C19CA474D00A55DB5 /* cordovaTests */,
				A94EC63C19CA474C00A55DB5 /* Frameworks */,
				A94EC63B19CA474C00A55DB5 /* Products */,
			);
			sourceTree = "<group>";
		};
		A94EC63B19CA474C00A55DB5 /* Products */ = {
			isa = PBXGroup;
			children = (
				A94EC63A19CA474C00A55DB5 /* cordova.app */,
				A94EC65519CA474D00A55DB5 /* cordovaTests.xctest */,
			);
			name = Products;
			sourceTree = "<group>";
		};
		A94EC63C19CA474C00A55DB5 /* Frameworks */ = {
			isa = PBXGroup;
			children = (
				A94EC63D19CA474C00A55DB5 /* Foundation.framework */,
				A94EC63F19CA474C00A55DB5 /* CoreGraphics.framework */,
				A94EC64119CA474C00A55DB5 /* UIKit.framework */,
				A94EC65619CA474D00A55DB5 /* XCTest.framework */,
			);
			name = Frameworks;
			sourceTree = "<group>";
		};
		A94EC64319CA474C00A55DB5 /* cordova */ = {
			isa = PBXGroup;
			children = (
				A94EC64C19CA474C00A55DB5 /* AppDelegate.h */,
				A94EC64D19CA474C00A55DB5 /* AppDelegate.m */,
				A94EC64F19CA474C00A55DB5 /* Images.xcassets */,
				A94EC64419CA474C00A55DB5 /* Supporting Files */,
			);
			path = cordova;
			sourceTree = "<group>";
		};
		A94EC64419CA474C00A55DB5 /* Supporting Files */ = {
			isa = PBXGroup;
			children = (
				A94EC64519CA474C00A55DB5 /* cordova-Info.plist */,
				A94EC64619CA474C00A55DB5 /* InfoPlist.strings */,
				A94EC64919CA474C00A55DB5 /* main.m */,
				A94EC64B19CA474C00A55DB5 /* cordova-Prefix.pch */,
			);
			name = "Supporting Files";
			sourceTree = "<group>";
		};
		A94EC65C19CA474D00A55DB5 /* cordovaTests */ = {
			isa = PBXGroup;
			children = (
				A94EC66219CA474D00A55DB5 /* cordovaTests.m */,
				A94EC65D19CA474D00A55DB5 /* Supporting Files */,
			);
			path = cordovaTests;
			sourceTree = "<group>";
		};
		A94EC65D19CA474D00A55DB5 /* Supporting Files */ = {
			isa = PBXGroup;
			children = (
				A94EC65E19CA474D00A55DB5 /* cordovaTests-Info.plist */,
				A94EC65F19CA474D00A55DB5 /* InfoPlist.strings */,
			);
			name = "Supporting Files";
			sourceTree = "<group>";
		};
/* End PBXGroup section */

/* Begin PBXNativeTarget section */
		A94EC63919CA474C00A55DB5 /* cordova */ = {
			isa = PBXNativeTarget;
			buildConfigurationList = A94EC66619CA474D00A55DB5 /* Build configuration list for PBXNativeTarget "cordova" */;
			buildPhases = (
				A94EC63619CA474C00A55DB5 /* Sources */,
				A94EC63719CA474C00A55DB5 /* Frameworks */,
				A94EC63819CA474C00A55DB5 /* Resources */,
			);
			buildRules = (
			);
			dependencies = (
			);
			name = cordova;
			productName = cordova;
			productReference = A94EC63A19CA474C00A55DB5 /* cordova.app */;
			productType = "com.apple.product-type.application";
		};
		A94EC65419CA474D00A55DB5 /* cordovaTests */ = {
			isa = PBXNativeTarget;
			buildConfigurationList = A94EC66919CA474D00A55DB5 /* Build configuration list for PBXNativeTarget "cordovaTests" */;
			buildPhases = (
				A94EC65119CA474D00A55DB5 /* Sources */,
				A94EC65219CA474D00A55DB5 /* Frameworks */,
				A94EC65319CA474D00A55DB5 /* Resources */,
			);
			buildRules = (
			);
			dependencies = (
				A94EC65B19CA474D00A55DB5 /* PBXTargetDependency */,
			);
			name = cordovaTests;
			productName = cordovaTests;
			productReference = A94EC65519CA474D00A55DB5 /* cordovaTests.xctest */;
			productType = "com.apple.product-type.bundle.unit-test";
		};
/* End PBXNativeTarget section */

/* Begin PBXProject section */
		A94EC63219CA474C00A55DB5 /* Project object */ = {
			isa = PBXProject;
			attributes = {
				LastUpgradeCheck = 0510;
				ORGANIZATIONNAME = Notificare;
				TargetAttributes = {
					A94EC65419CA474D00A55DB5 = {
						TestTargetID = A94EC63919CA474C00A55DB5;
					};
				};
			};
			buildConfigurationList = A94EC63519CA474C00A55DB5 /* Build configuration list for PBXProject "cordova" */;
			compatibilityVersion = "Xcode 3.2";
			developmentRegion = English;
			hasScannedForEncodings = 0;
			knownRegions = (
				en,
			);
			mainGroup = A94EC63119CA474C00A55DB5;
			productRefGroup = A94EC63B19CA474C00A55DB5 /* Products */;
			projectDirPath = "";
			projectRoot = "";
			targets = (
				A94EC63919CA474C00A55DB5 /* cordova */,
				A94EC65419CA474D00A55DB5 /* cordovaTests */,
			);
		};
/* End PBXProject section */

/* Begin PBXResourcesBuildPhase section */
		A94EC63819CA474C00A55DB5 /* Resources */ = {
			isa = PBXResourcesBuildPhase;
			buildActionMask = 2147483647;
			files = (
				A94EC64819CA474C00A55DB5 /* InfoPlist.strings in Resources */,
				A94EC65019CA474C00A55DB5 /* Images.xcassets in Resources */,
			);
			runOnlyForDeploymentPostprocessing = 0;
		};
		A94EC65319CA474D00A55DB5 /* Resources */ = {
			isa = PBXResourcesBuildPhase;
			buildActionMask = 2147483647;
			files = (
				A94EC66119CA474D00A55DB5 /* InfoPlist.strings in Resources */,
			);
			runOnlyForDeploymentPostprocessing = 0;
		};
/* End PBXResourcesBuildPhase section */

/* Begin PBXSourcesBuildPhase section */
		A94EC63619CA474C00A55DB5 /* Sources */ = {
			isa = PBXSourcesBuildPhase;
			buildActionMask = 2147483647;
			files = (
				A94EC64E19CA474C00A55DB5 /* AppDelegate.m in Sources */,
				A94EC64A19CA474C00A55DB5 /* main.m in Sources */,
			);
			runOnlyForDeploymentPostprocessing = 0;
		};
		A94EC65119CA474D00A55DB5 /* Sources */ = {
			isa = PBXSourcesBuildPhase;
			buildActionMask = 2147483647;
			files = (
				A94EC66319CA474D00A55DB5 /* cordovaTests.m in Sources */,
			);
			runOnlyForDeploymentPostprocessing = 0;
		};
/* End PBXSourcesBuildPhase section */

/* Begin PBXTargetDependency section */
		A94EC65B19CA474D00A55DB5 /* PBXTargetDependency */ = {
			isa = PBXTargetDependency;
			target = A94EC63919CA474C00A55DB5 /* cordova */;
			targetProxy = A94EC65A19CA474D00A55DB5 /* PBXContainerItemProxy */;
		};
/* End PBXTargetDependency section */

/* Begin PBXVariantGroup section */
		A94EC64619CA474C00A55DB5 /* InfoPlist.strings */ = {
			isa = PBXVariantGroup;
			children = (
				A94EC64719CA474C00A55DB5 /* en */,
			);
			name = InfoPlist.strings;
			sourceTree = "<group>";
		};
		A94EC65F19CA474D00A55DB5 /* InfoPlist.strings */ = {
			isa = PBXVariantGroup;
			children = (
				A94EC66019CA474D00A55DB5 /* en */,
			);
			name = InfoPlist.strings;
			sourceTree = "<group>";
		};
/* End PBXVariantGroup section */

/* Begin XCBuildConfiguration section */
		A94EC66419CA474D00A55DB5 /* Debug */ = {
			isa = XCBuildConfiguration;
			buildSettings = {
				ALWAYS_SEARCH_USER_PATHS = NO;
				CLANG_CXX_LANGUAGE_STANDARD = "gnu++0x";
				CLANG_CXX_LIBRARY = "libc++";
				CLANG_ENABLE_MODULES = YES;
				CLANG_ENABLE_OBJC_ARC = YES;
				CLANG_WARN_BOOL_CONVERSION = YES;
				CLANG_WARN_CONSTANT_CONVERSION = YES;
				CLANG_WARN_DIRECT_OBJC_ISA_USAGE = YES_ERROR;
				CLANG_WARN_EMPTY_BODY = YES;
				CLANG_WARN_ENUM_CONVERSION = YES;
				CLANG_WARN_INT_CONVERSION = YES;
				CLANG_WARN_OBJC_ROOT_CLASS = YES_ERROR;
				CLANG_WARN__DUPLICATE_METHOD_MATCH = YES;
				"CODE_SIGN_IDENTITY[sdk=iphoneos*]" = "iPhone Developer";
				COPY_PHASE_STRIP = NO;
				GCC_C_LANGUAGE_STANDARD = gnu99;
				GCC_DYNAMIC_NO_PIC = NO;
				GCC_OPTIMIZATION_LEVEL = 0;
				GCC_PREPROCESSOR_DEFINITIONS = (
					"DEBUG=1",
					"$(inherited)",
				);
				GCC_SYMBOLS_PRIVATE_EXTERN = NO;
				GCC_WARN_64_TO_32_BIT_CONVERSION = YES;
				GCC_WARN_ABOUT_RETURN_TYPE = YES_ERROR;
				GCC_WARN_UNDECLARED_SELECTOR = YES;
				GCC_WARN_UNINITIALIZED_AUTOS = YES_AGGRESSIVE;
				GCC_WARN_UNUSED_FUNCTION = YES;
				GCC_WARN_UNUSED_VARIABLE = YES;
				IPHONEOS_DEPLOYMENT_TARGET = 7.1;
				ONLY_ACTIVE_ARCH = YES;
				SDKROOT = iphoneos;
			};
			name = Debug;
		};
		A94EC66519CA474D00A55DB5 /* Release */ = {
			isa = XCBuildConfiguration;
			buildSettings = {
				ALWAYS_SEARCH_USER_PATHS = NO;
				CLANG_CXX_LANGUAGE_STANDARD = "gnu++0x";
				CLANG_CXX_LIBRARY = "libc++";
				CLANG_ENABLE_MODULES = YES;
				CLANG_ENABLE_OBJC_ARC = YES;
				CLANG_WARN_BOOL_CONVERSION = YES;
				CLANG_WARN_CONSTANT_CONVERSION = YES;
				CLANG_WARN_DIRECT_OBJC_ISA_USAGE = YES_ERROR;
				CLANG_WARN_EMPTY_BODY = YES;
				CLANG_WARN_ENUM_CONVERSION = YES;
				CLANG_WARN_INT_CONVERSION = YES;
				CLANG_WARN_OBJC_ROOT_CLASS = YES_ERROR;
				CLANG_WARN__DUPLICATE_METHOD_MATCH = YES;
				"CODE_SIGN_IDENTITY[sdk=iphoneos*]" = "iPhone Developer";
				COPY_PHASE_STRIP = YES;
				ENABLE_NS_ASSERTIONS = NO;
				GCC_C_LANGUAGE_STANDARD = gnu99;
				GCC_WARN_64_TO_32_BIT_CONVERSION = YES;
				GCC_WARN_ABOUT_RETURN_TYPE = YES_ERROR;
				GCC_WARN_UNDECLARED_SELECTOR = YES;
				GCC_WARN_UNINITIALIZED_AUTOS = YES_AGGRESSIVE;
				GCC_WARN_UNUSED_FUNCTION = YES;
				GCC_WARN_UNUSED_VARIABLE = YES;
				IPHONEOS_DEPLOYMENT_TARGET = 7.1;
				SDKROOT = iphoneos;
				VALIDATE_PRODUCT = YES;
			};
			name = Release;
		};
		A94EC66719CA474D00A55DB5 /* Debug */ = {
			isa = XCBuildConfiguration;
			buildSettings = {
				ASSETCATALOG_COMPILER_APPICON_NAME = AppIcon;
				ASSETCATALOG_COMPILER_LAUNCHIMAGE_NAME = LaunchImage;
				GCC_PRECOMPILE_PREFIX_HEADER = YES;
				GCC_PREFIX_HEADER = "cordova/cordova-Prefix.pch";
				INFOPLIST_FILE = "cordova/cordova-Info.plist";
				PRODUCT_NAME = "$(TARGET_NAME)";
				WRAPPER_EXTENSION = app;
			};
			name = Debug;
		};
		A94EC66819CA474D00A55DB5 /* Release */ = {
			isa = XCBuildConfiguration;
			buildSettings = {
				ASSETCATALOG_COMPILER_APPICON_NAME = AppIcon;
				ASSETCATALOG_COMPILER_LAUNCHIMAGE_NAME = LaunchImage;
				GCC_PRECOMPILE_PREFIX_HEADER = YES;
				GCC_PREFIX_HEADER = "cordova/cordova-Prefix.pch";
				INFOPLIST_FILE = "cordova/cordova-Info.plist";
				PRODUCT_NAME = "$(TARGET_NAME)";
				WRAPPER_EXTENSION = app;
			};
			name = Release;
		};
		A94EC66A19CA474D00A55DB5 /* Debug */ = {
			isa = XCBuildConfiguration;
			buildSettings = {
				BUNDLE_LOADER = "$(BUILT_PRODUCTS_DIR)/cordova.app/cordova";
				FRAMEWORK_SEARCH_PATHS = (
					"$(SDKROOT)/Developer/Library/Frameworks",
					"$(inherited)",
					"$(DEVELOPER_FRAMEWORKS_DIR)",
				);
				GCC_PRECOMPILE_PREFIX_HEADER = YES;
				GCC_PREFIX_HEADER = "cordova/cordova-Prefix.pch";
				GCC_PREPROCESSOR_DEFINITIONS = (
					"DEBUG=1",
					"$(inherited)",
				);
				INFOPLIST_FILE = "cordovaTests/cordovaTests-Info.plist";
				PRODUCT_NAME = "$(TARGET_NAME)";
				TEST_HOST = "$(BUNDLE_LOADER)";
				WRAPPER_EXTENSION = xctest;
			};
			name = Debug;
		};
		A94EC66B19CA474D00A55DB5 /* Release */ = {
			isa = XCBuildConfiguration;
			buildSettings = {
				BUNDLE_LOADER = "$(BUILT_PRODUCTS_DIR)/cordova.app/cordova";
				FRAMEWORK_SEARCH_PATHS = (
					"$(SDKROOT)/Developer/Library/Frameworks",
					"$(inherited)",
					"$(DEVELOPER_FRAMEWORKS_DIR)",
				);
				GCC_PRECOMPILE_PREFIX_HEADER = YES;
				GCC_PREFIX_HEADER = "cordova/cordova-Prefix.pch";
				INFOPLIST_FILE = "cordovaTests/cordovaTests-Info.plist";
				PRODUCT_NAME = "$(TARGET_NAME)";
				TEST_HOST = "$(BUNDLE_LOADER)";
				WRAPPER_EXTENSION = xctest;
			};
			name = Release;
		};
/* End XCBuildConfiguration section */

/* Begin XCConfigurationList section */
		A94EC63519CA474C00A55DB5 /* Build configuration list for PBXProject "cordova" */ = {
			isa = XCConfigurationList;
			buildConfigurations = (
				A94EC66419CA474D00A55DB5 /* Debug */,
				A94EC66519CA474D00A55DB5 /* Release */,
			);
			defaultConfigurationIsVisible = 0;
			defaultConfigurationName = Release;
		};
		A94EC66619CA474D00A55DB5 /* Build configuration list for PBXNativeTarget "cordova" */ = {
			isa = XCConfigurationList;
			buildConfigurations = (
				A94EC66719CA474D00A55DB5 /* Debug */,
				A94EC66819CA474D00A55DB5 /* Release */,
			);
			defaultConfigurationIsVisible = 0;
		};
		A94EC66919CA474D00A55DB5 /* Build configuration list for PBXNativeTarget "cordovaTests" */ = {
			isa = XCConfigurationList;
			buildConfigurations = (
				A94EC66A19CA474D00A55DB5 /* Debug */,
				A94EC66B19CA474D00A55DB5 /* Release */,
			);
			defaultConfigurationIsVisible = 0;
		};
/* End XCConfigurationList section */
	};
	rootObject = A94EC63219CA474C00A55DB5 /* Project object */;
}
